<?xml version="1.0" encoding="utf-8"?>
<Project ToolsVersion="15.0" xmlns="http://schemas.microsoft.com/developer/msbuild/2003">
  <ItemGroup>
    <CustomBuild Include="C:\Users\jomod\Documents\UU_GMT\GamePhysics\FirstPractical\Practical1\CMakeFiles\ce19ee0318bd4056e3e11b4ac2fd2c7a\INSTALL_force.rule">
      <Filter>CMake Rules</Filter>
    </CustomBuild>
  </ItemGroup>
  <ItemGroup>
    <Filter Include="CMake Rules">
      <UniqueIdentifier>{A9B93CFA-5E44-3A58-979F-67EC213AC31B}</UniqueIdentifier>
    </Filter>
  </ItemGroup>
</Project>
