Microsoft Visual Studio Solution File, Format Version 12.00
# Visual Studio 15
Project("{2150E333-8FDC-42A3-9474-1A3956D46DE8}") = "CMakePredefinedTargets", "CMakePredefinedTargets", "{E58048CB-DFA5-3FDE-827C-6841F0A13E47}"
EndProject
Project("{2150E333-8FDC-42A3-9474-1A3956D46DE8}") = "GLFW3", "GLFW3", "{6D223B1B-3F5F-35EE-BA71-8A2F91C194F8}"
EndProject
Project("{8BC9CEB8-8B4A-11D0-8D11-00A0C91BC942}") = "ALL_BUILD", "ALL_BUILD.vcxproj", "{BB5DFB6C-7AC0-31F3-9559-56758CC87324}"
	ProjectSection(ProjectDependencies) = postProject
		{169DCB80-29F2-31C7-9D7F-538E6A451317} = {169DCB80-29F2-31C7-9D7F-538E6A451317}
		{5482EE18-1239-3093-9601-A8DC22115064} = {5482EE18-1239-3093-9601-A8DC22115064}
		{FC21E601-CD42-378A-8608-8C9665CFC192} = {FC21E601-CD42-378A-8608-8C9665CFC192}
		{B64D18A8-B620-336C-8AE7-DCF6C571D276} = {B64D18A8-B620-336C-8AE7-DCF6C571D276}
		{FBEB8214-B6AF-3FC3-8A9C-3D0CFFB7F155} = {FBEB8214-B6AF-3FC3-8A9C-3D0CFFB7F155}
	EndProjectSection
EndProject
Project("{8BC9CEB8-8B4A-11D0-8D11-00A0C91BC942}") = "INSTALL", "INSTALL.vcxproj", "{5BEFCB25-6C6B-3F65-9884-2AB3F90BCBD3}"
	ProjectSection(ProjectDependencies) = postProject
		{BB5DFB6C-7AC0-31F3-9559-56758CC87324} = {BB5DFB6C-7AC0-31F3-9559-56758CC87324}
		{5482EE18-1239-3093-9601-A8DC22115064} = {5482EE18-1239-3093-9601-A8DC22115064}
	EndProjectSection
EndProject
Project("{8BC9CEB8-8B4A-11D0-8D11-00A0C91BC942}") = "Practical1_bin", "Practical1_bin.vcxproj", "{169DCB80-29F2-31C7-9D7F-538E6A451317}"
	ProjectSection(ProjectDependencies) = postProject
		{5482EE18-1239-3093-9601-A8DC22115064} = {5482EE18-1239-3093-9601-A8DC22115064}
		{FC21E601-CD42-378A-8608-8C9665CFC192} = {FC21E601-CD42-378A-8608-8C9665CFC192}
		{B64D18A8-B620-336C-8AE7-DCF6C571D276} = {B64D18A8-B620-336C-8AE7-DCF6C571D276}
		{FBEB8214-B6AF-3FC3-8A9C-3D0CFFB7F155} = {FBEB8214-B6AF-3FC3-8A9C-3D0CFFB7F155}
	EndProjectSection
EndProject
Project("{8BC9CEB8-8B4A-11D0-8D11-00A0C91BC942}") = "ZERO_CHECK", "ZERO_CHECK.vcxproj", "{5482EE18-1239-3093-9601-A8DC22115064}"
	ProjectSection(ProjectDependencies) = postProject
	EndProjectSection
EndProject
Project("{8BC9CEB8-8B4A-11D0-8D11-00A0C91BC942}") = "glad", "glad\glad.vcxproj", "{FC21E601-CD42-378A-8608-8C9665CFC192}"
	ProjectSection(ProjectDependencies) = postProject
		{5482EE18-1239-3093-9601-A8DC22115064} = {5482EE18-1239-3093-9601-A8DC22115064}
	EndProjectSection
EndProject
Project("{8BC9CEB8-8B4A-11D0-8D11-00A0C91BC942}") = "glfw", "glfw\src\glfw.vcxproj", "{B64D18A8-B620-336C-8AE7-DCF6C571D276}"
	ProjectSection(ProjectDependencies) = postProject
		{5482EE18-1239-3093-9601-A8DC22115064} = {5482EE18-1239-3093-9601-A8DC22115064}
	EndProjectSection
EndProject
Project("{8BC9CEB8-8B4A-11D0-8D11-00A0C91BC942}") = "imgui", "imgui\imgui.vcxproj", "{FBEB8214-B6AF-3FC3-8A9C-3D0CFFB7F155}"
	ProjectSection(ProjectDependencies) = postProject
		{5482EE18-1239-3093-9601-A8DC22115064} = {5482EE18-1239-3093-9601-A8DC22115064}
		{FC21E601-CD42-378A-8608-8C9665CFC192} = {FC21E601-CD42-378A-8608-8C9665CFC192}
		{B64D18A8-B620-336C-8AE7-DCF6C571D276} = {B64D18A8-B620-336C-8AE7-DCF6C571D276}
	EndProjectSection
EndProject
Global
	GlobalSection(SolutionConfigurationPlatforms) = preSolution
		Debug|x64 = Debug|x64
		Release|x64 = Release|x64
		MinSizeRel|x64 = MinSizeRel|x64
		RelWithDebInfo|x64 = RelWithDebInfo|x64
	EndGlobalSection
	GlobalSection(ProjectConfigurationPlatforms) = postSolution
		{BB5DFB6C-7AC0-31F3-9559-56758CC87324}.Debug|x64.ActiveCfg = Debug|x64
		{BB5DFB6C-7AC0-31F3-9559-56758CC87324}.Debug|x64.Build.0 = Debug|x64
		{BB5DFB6C-7AC0-31F3-9559-56758CC87324}.Release|x64.ActiveCfg = Release|x64
		{BB5DFB6C-7AC0-31F3-9559-56758CC87324}.Release|x64.Build.0 = Release|x64
		{BB5DFB6C-7AC0-31F3-9559-56758CC87324}.MinSizeRel|x64.ActiveCfg = MinSizeRel|x64
		{BB5DFB6C-7AC0-31F3-9559-56758CC87324}.MinSizeRel|x64.Build.0 = MinSizeRel|x64
		{BB5DFB6C-7AC0-31F3-9559-56758CC87324}.RelWithDebInfo|x64.ActiveCfg = RelWithDebInfo|x64
		{BB5DFB6C-7AC0-31F3-9559-56758CC87324}.RelWithDebInfo|x64.Build.0 = RelWithDebInfo|x64
		{5BEFCB25-6C6B-3F65-9884-2AB3F90BCBD3}.Debug|x64.ActiveCfg = Debug|x64
		{5BEFCB25-6C6B-3F65-9884-2AB3F90BCBD3}.Release|x64.ActiveCfg = Release|x64
		{5BEFCB25-6C6B-3F65-9884-2AB3F90BCBD3}.MinSizeRel|x64.ActiveCfg = MinSizeRel|x64
		{5BEFCB25-6C6B-3F65-9884-2AB3F90BCBD3}.RelWithDebInfo|x64.ActiveCfg = RelWithDebInfo|x64
		{169DCB80-29F2-31C7-9D7F-538E6A451317}.Debug|x64.ActiveCfg = Debug|x64
		{169DCB80-29F2-31C7-9D7F-538E6A451317}.Debug|x64.Build.0 = Debug|x64
		{169DCB80-29F2-31C7-9D7F-538E6A451317}.Release|x64.ActiveCfg = Release|x64
		{169DCB80-29F2-31C7-9D7F-538E6A451317}.Release|x64.Build.0 = Release|x64
		{169DCB80-29F2-31C7-9D7F-538E6A451317}.MinSizeRel|x64.ActiveCfg = MinSizeRel|x64
		{169DCB80-29F2-31C7-9D7F-538E6A451317}.MinSizeRel|x64.Build.0 = MinSizeRel|x64
		{169DCB80-29F2-31C7-9D7F-538E6A451317}.RelWithDebInfo|x64.ActiveCfg = RelWithDebInfo|x64
		{169DCB80-29F2-31C7-9D7F-538E6A451317}.RelWithDebInfo|x64.Build.0 = RelWithDebInfo|x64
		{5482EE18-1239-3093-9601-A8DC22115064}.Debug|x64.ActiveCfg = Debug|x64
		{5482EE18-1239-3093-9601-A8DC22115064}.Debug|x64.Build.0 = Debug|x64
		{5482EE18-1239-3093-9601-A8DC22115064}.Release|x64.ActiveCfg = Release|x64
		{5482EE18-1239-3093-9601-A8DC22115064}.Release|x64.Build.0 = Release|x64
		{5482EE18-1239-3093-9601-A8DC22115064}.MinSizeRel|x64.ActiveCfg = MinSizeRel|x64
		{5482EE18-1239-3093-9601-A8DC22115064}.MinSizeRel|x64.Build.0 = MinSizeRel|x64
		{5482EE18-1239-3093-9601-A8DC22115064}.RelWithDebInfo|x64.ActiveCfg = RelWithDebInfo|x64
		{5482EE18-1239-3093-9601-A8DC22115064}.RelWithDebInfo|x64.Build.0 = RelWithDebInfo|x64
		{FC21E601-CD42-378A-8608-8C9665CFC192}.Debug|x64.ActiveCfg = Debug|x64
		{FC21E601-CD42-378A-8608-8C9665CFC192}.Debug|x64.Build.0 = Debug|x64
		{FC21E601-CD42-378A-8608-8C9665CFC192}.Release|x64.ActiveCfg = Release|x64
		{FC21E601-CD42-378A-8608-8C9665CFC192}.Release|x64.Build.0 = Release|x64
		{FC21E601-CD42-378A-8608-8C9665CFC192}.MinSizeRel|x64.ActiveCfg = MinSizeRel|x64
		{FC21E601-CD42-378A-8608-8C9665CFC192}.MinSizeRel|x64.Build.0 = MinSizeRel|x64
		{FC21E601-CD42-378A-8608-8C9665CFC192}.RelWithDebInfo|x64.ActiveCfg = RelWithDebInfo|x64
		{FC21E601-CD42-378A-8608-8C9665CFC192}.RelWithDebInfo|x64.Build.0 = RelWithDebInfo|x64
		{B64D18A8-B620-336C-8AE7-DCF6C571D276}.Debug|x64.ActiveCfg = Debug|x64
		{B64D18A8-B620-336C-8AE7-DCF6C571D276}.Debug|x64.Build.0 = Debug|x64
		{B64D18A8-B620-336C-8AE7-DCF6C571D276}.Release|x64.ActiveCfg = Release|x64
		{B64D18A8-B620-336C-8AE7-DCF6C571D276}.Release|x64.Build.0 = Release|x64
		{B64D18A8-B620-336C-8AE7-DCF6C571D276}.MinSizeRel|x64.ActiveCfg = MinSizeRel|x64
		{B64D18A8-B620-336C-8AE7-DCF6C571D276}.MinSizeRel|x64.Build.0 = MinSizeRel|x64
		{B64D18A8-B620-336C-8AE7-DCF6C571D276}.RelWithDebInfo|x64.ActiveCfg = RelWithDebInfo|x64
		{B64D18A8-B620-336C-8AE7-DCF6C571D276}.RelWithDebInfo|x64.Build.0 = RelWithDebInfo|x64
		{FBEB8214-B6AF-3FC3-8A9C-3D0CFFB7F155}.Debug|x64.ActiveCfg = Debug|x64
		{FBEB8214-B6AF-3FC3-8A9C-3D0CFFB7F155}.Debug|x64.Build.0 = Debug|x64
		{FBEB8214-B6AF-3FC3-8A9C-3D0CFFB7F155}.Release|x64.ActiveCfg = Release|x64
		{FBEB8214-B6AF-3FC3-8A9C-3D0CFFB7F155}.Release|x64.Build.0 = Release|x64
		{FBEB8214-B6AF-3FC3-8A9C-3D0CFFB7F155}.MinSizeRel|x64.ActiveCfg = MinSizeRel|x64
		{FBEB8214-B6AF-3FC3-8A9C-3D0CFFB7F155}.MinSizeRel|x64.Build.0 = MinSizeRel|x64
		{FBEB8214-B6AF-3FC3-8A9C-3D0CFFB7F155}.RelWithDebInfo|x64.ActiveCfg = RelWithDebInfo|x64
		{FBEB8214-B6AF-3FC3-8A9C-3D0CFFB7F155}.RelWithDebInfo|x64.Build.0 = RelWithDebInfo|x64
	EndGlobalSection
	GlobalSection(NestedProjects) = preSolution
		{BB5DFB6C-7AC0-31F3-9559-56758CC87324} = {E58048CB-DFA5-3FDE-827C-6841F0A13E47}
		{5BEFCB25-6C6B-3F65-9884-2AB3F90BCBD3} = {E58048CB-DFA5-3FDE-827C-6841F0A13E47}
		{5482EE18-1239-3093-9601-A8DC22115064} = {E58048CB-DFA5-3FDE-827C-6841F0A13E47}
		{B64D18A8-B620-336C-8AE7-DCF6C571D276} = {6D223B1B-3F5F-35EE-BA71-8A2F91C194F8}
	EndGlobalSection
	GlobalSection(ExtensibilityGlobals) = postSolution
		SolutionGuid = {5CF58306-70B6-3489-93BD-38C4BEC67EC0}
	EndGlobalSection
	GlobalSection(ExtensibilityAddIns) = postSolution
	EndGlobalSection
EndGlobal
